# THIS IS AN AUTOGENERATED FILE. DO NOT EDIT THIS FILE DIRECTLY.
# yarn lockfile v1


"@tanstack/react-virtual@^3.0.0-beta.18":
  version "3.0.0-beta.18"
  resolved "https://registry.yarnpkg.com/@tanstack/react-virtual/-/react-virtual-3.0.0-beta.18.tgz#b97b2019f7d6a5770fb88ee1f7591da55b9059b4"
  integrity sha512-mnyCZT6htcRNw1jVb+WyfMUMbd1UmXX/JWPuMf6Bmj92DB/V7Ogk5n5rby5Y5aste7c7mlsBeMF8HtpwERRvEQ==
  dependencies:
    "@tanstack/virtual-core" "3.0.0-beta.18"

"@tanstack/virtual-core@3.0.0-beta.18":
  version "3.0.0-beta.18"
  resolved "https://registry.yarnpkg.com/@tanstack/virtual-core/-/virtual-core-3.0.0-beta.18.tgz#d4b0738c1d0aada922063c899675ff4df9f696b2"
  integrity sha512-tcXutY05NpN9lp3+AXI9Sn85RxSPV0EJC0XMim9oeQj/E7bjXoL0qZ4Er4wwnvIbv/hZjC91EmbIQGjgdr6nZg==

dayjs@^1.11.3:
  version "1.11.5"
  resolved "https://registry.yarnpkg.com/dayjs/-/dayjs-1.11.5.tgz#00e8cc627f231f9499c19b38af49f56dc0ac5e93"
  integrity sha512-CAdX5Q3YW3Gclyo5Vpqkgpj8fSdLQcRuzfX6mC6Phy0nfJ0eGYOeS7m4mt2plDWLAtA4TqTakvbboHvUxfe4iA==

filesize@^9.0.11:
  version "9.0.11"
  resolved "https://registry.yarnpkg.com/filesize/-/filesize-9.0.11.tgz#4ac3a42c084232dd9b2a1da0107f32d42fcfa5e4"
  integrity sha512-gTAiTtI0STpKa5xesyTA9hA3LX4ga8sm2nWRcffEa1L/5vQwb4mj2MdzMkoHoGv4QzfDshQZuYscQSf8c4TKOA==

jotai@^1.7.5:
  version "1.8.0"
  resolved "https://registry.yarnpkg.com/jotai/-/jotai-1.8.0.tgz#8c7f2bcaf94522b6d7786529e0658d42863d5a0a"
  integrity sha512-B77a5hIDGCxePYrYBpHP6YePGyNwivA+vXO6QME+8+t3V0y+OHwwnHu4Wy/LWEChE/G8vI+K7P2tlToT8Zmjng==

typescript@^4.6.4:
  version "4.7.4"
  resolved "https://registry.yarnpkg.com/typescript/-/typescript-4.7.4.tgz#1a88596d1cf47d59507a1bcdfb5b9dfe4d488235"
  integrity sha512-C0WQT0gezHuw6AdY1M2jxUO83Rjf0HP7Sk1DtXj6j1EwkQNZrHAg2XPWlq62oqEhYvONq5pkC2Y9oPljWToLmQ==

uuid@^8.3.2:
  version "8.3.2"
  resolved "https://registry.yarnpkg.com/uuid/-/uuid-8.3.2.tgz#80d5b5ced271bb9af6c445f21a1a04c606cefbe2"
  integrity sha512-+NYs2QeMWy+GWFOEm9xnn6HCDp0l7QBD7ml8zLUmJ+93Q5NF0NocErnwkTkXVFNiX3/fpC6afS8Dhb/gz7R7eg==
